// !$*UTF8*$!
{
	archiveVersion = 1;
	classes = {
	};
	objectVersion = 55;
	objects = {

/* Begin PBXBuildFile section */
		1D0DDF4328D5F601001B825F /* UICollectionViewCell.swift in Sources */ = {isa = PBXBuildFile; fileRef = 1D0DDF4228D5F601001B825F /* UICollectionViewCell.swift */; };
		1DF3956828D0541E00ABAC34 /* AppDelegate.swift in Sources */ = {isa = PBXBuildFile; fileRef = 1DF3956728D0541E00ABAC34 /* AppDelegate.swift */; };
		1DF3956A28D0541E00ABAC34 /* SceneDelegate.swift in Sources */ = {isa = PBXBuildFile; fileRef = 1DF3956928D0541E00ABAC34 /* SceneDelegate.swift */; };
		1DF3956F28D0541E00ABAC34 /* Main.storyboard in Resources */ = {isa = PBXBuildFile; fileRef = 1DF3956D28D0541E00ABAC34 /* Main.storyboard */; };
		1DF3957128D0542400ABAC34 /* Assets.xcassets in Resources */ = {isa = PBXBuildFile; fileRef = 1DF3957028D0542400ABAC34 /* Assets.xcassets */; };
		1DF3957428D0542400ABAC34 /* LaunchScreen.storyboard in Resources */ = {isa = PBXBuildFile; fileRef = 1DF3957228D0542400ABAC34 /* LaunchScreen.storyboard */; };
		1DF3958028D0569300ABAC34 /* Cell.swift in Sources */ = {isa = PBXBuildFile; fileRef = 1DF3957F28D0569300ABAC34 /* Cell.swift */; };
		1DF3958228D05B5100ABAC34 /* GridViewController.swift in Sources */ = {isa = PBXBuildFile; fileRef = 1DF3958128D05B5100ABAC34 /* GridViewController.swift */; };
		1DF3958428D05D7100ABAC34 /* CellView.swift in Sources */ = {isa = PBXBuildFile; fileRef = 1DF3958328D05D7100ABAC34 /* CellView.swift */; };
		85C5B70B28D5B19F00B0A374 /* IndexPath.swift in Sources */ = {isa = PBXBuildFile; fileRef = 85C5B70A28D5B19F00B0A374 /* IndexPath.swift */; };
		85C5B70D28D5B62100B0A374 /* DashboardViewController.swift in Sources */ = {isa = PBXBuildFile; fileRef = 85C5B70C28D5B62100B0A374 /* DashboardViewController.swift */; };
		85FA50CE28D465BD00B1F25A /* GridViewModel.swift in Sources */ = {isa = PBXBuildFile; fileRef = 85FA50CD28D465BD00B1F25A /* GridViewModel.swift */; };
		85FA50D028D47A4000B1F25A /* CellViewModel.swift in Sources */ = {isa = PBXBuildFile; fileRef = 85FA50CF28D47A4000B1F25A /* CellViewModel.swift */; };
		85FA50D328D47B0100B1F25A /* MainViewController.swift in Sources */ = {isa = PBXBuildFile; fileRef = 85FA50D228D47B0100B1F25A /* MainViewController.swift */; };
		85FA50D528D47E7600B1F25A /* RandomAccessCollection.swift in Sources */ = {isa = PBXBuildFile; fileRef = 85FA50D428D47E7600B1F25A /* RandomAccessCollection.swift */; };
/* End PBXBuildFile section */

/* Begin PBXFileReference section */
		1D0DDF4228D5F601001B825F /* UICollectionViewCell.swift */ = {isa = PBXFileReference; lastKnownFileType = sourcecode.swift; path = UICollectionViewCell.swift; sourceTree = "<group>"; };
		1DF3956428D0541E00ABAC34 /* Minesweeper.app */ = {isa = PBXFileReference; explicitFileType = wrapper.application; includeInIndex = 0; path = Minesweeper.app; sourceTree = BUILT_PRODUCTS_DIR; };
		1DF3956728D0541E00ABAC34 /* AppDelegate.swift */ = {isa = PBXFileReference; lastKnownFileType = sourcecode.swift; path = AppDelegate.swift; sourceTree = "<group>"; };
		1DF3956928D0541E00ABAC34 /* SceneDelegate.swift */ = {isa = PBXFileReference; lastKnownFileType = sourcecode.swift; path = SceneDelegate.swift; sourceTree = "<group>"; };
		1DF3956E28D0541E00ABAC34 /* Base */ = {isa = PBXFileReference; lastKnownFileType = file.storyboard; name = Base; path = Base.lproj/Main.storyboard; sourceTree = "<group>"; };
		1DF3957028D0542400ABAC34 /* Assets.xcassets */ = {isa = PBXFileReference; lastKnownFileType = folder.assetcatalog; path = Assets.xcassets; sourceTree = "<group>"; };
		1DF3957328D0542400ABAC34 /* Base */ = {isa = PBXFileReference; lastKnownFileType = file.storyboard; name = Base; path = Base.lproj/LaunchScreen.storyboard; sourceTree = "<group>"; };
		1DF3957528D0542400ABAC34 /* Info.plist */ = {isa = PBXFileReference; lastKnownFileType = text.plist.xml; path = Info.plist; sourceTree = "<group>"; };
		1DF3957F28D0569300ABAC34 /* Cell.swift */ = {isa = PBXFileReference; lastKnownFileType = sourcecode.swift; path = Cell.swift; sourceTree = "<group>"; };
		1DF3958128D05B5100ABAC34 /* GridViewController.swift */ = {isa = PBXFileReference; lastKnownFileType = sourcecode.swift; path = GridViewController.swift; sourceTree = "<group>"; };
		1DF3958328D05D7100ABAC34 /* CellView.swift */ = {isa = PBXFileReference; lastKnownFileType = sourcecode.swift; path = CellView.swift; sourceTree = "<group>"; };
		85C5B70A28D5B19F00B0A374 /* IndexPath.swift */ = {isa = PBXFileReference; lastKnownFileType = sourcecode.swift; path = IndexPath.swift; sourceTree = "<group>"; };
		85C5B70C28D5B62100B0A374 /* DashboardViewController.swift */ = {isa = PBXFileReference; lastKnownFileType = sourcecode.swift; path = DashboardViewController.swift; sourceTree = "<group>"; };
		85FA50CD28D465BD00B1F25A /* GridViewModel.swift */ = {isa = PBXFileReference; lastKnownFileType = sourcecode.swift; path = GridViewModel.swift; sourceTree = "<group>"; };
		85FA50CF28D47A4000B1F25A /* CellViewModel.swift */ = {isa = PBXFileReference; lastKnownFileType = sourcecode.swift; path = CellViewModel.swift; sourceTree = "<group>"; };
		85FA50D228D47B0100B1F25A /* MainViewController.swift */ = {isa = PBXFileReference; lastKnownFileType = sourcecode.swift; path = MainViewController.swift; sourceTree = "<group>"; };
		85FA50D428D47E7600B1F25A /* RandomAccessCollection.swift */ = {isa = PBXFileReference; lastKnownFileType = sourcecode.swift; path = RandomAccessCollection.swift; sourceTree = "<group>"; };
/* End PBXFileReference section */

/* Begin PBXFrameworksBuildPhase section */
		1DF3956128D0541E00ABAC34 /* Frameworks */ = {
			isa = PBXFrameworksBuildPhase;
			buildActionMask = 2147483647;
			files = (
			);
			runOnlyForDeploymentPostprocessing = 0;
		};
/* End PBXFrameworksBuildPhase section */

/* Begin PBXGroup section */
		1DF3955B28D0541E00ABAC34 = {
			isa = PBXGroup;
			children = (
				1DF3956628D0541E00ABAC34 /* Minesweeper */,
				1DF3956528D0541E00ABAC34 /* Products */,
			);
			sourceTree = "<group>";
		};
		1DF3956528D0541E00ABAC34 /* Products */ = {
			isa = PBXGroup;
			children = (
				1DF3956428D0541E00ABAC34 /* Minesweeper.app */,
			);
			name = Products;
			sourceTree = "<group>";
		};
		1DF3956628D0541E00ABAC34 /* Minesweeper */ = {
			isa = PBXGroup;
			children = (
				1DF3956728D0541E00ABAC34 /* AppDelegate.swift */,
				1DF3956928D0541E00ABAC34 /* SceneDelegate.swift */,
				85FA50D628D47E8300B1F25A /* Extensions */,
				85FA50D128D47ACE00B1F25A /* ViewControllers */,
				85FA50CC28D4659800B1F25A /* ViewModels */,
				1DF3957E28D0568100ABAC34 /* Models */,
				1DF3957B28D054A300ABAC34 /* Views */,
				1DF3956D28D0541E00ABAC34 /* Main.storyboard */,
				1DF3957028D0542400ABAC34 /* Assets.xcassets */,
				1DF3957228D0542400ABAC34 /* LaunchScreen.storyboard */,
				1DF3957528D0542400ABAC34 /* Info.plist */,
			);
			path = Minesweeper;
			sourceTree = "<group>";
		};
		1DF3957B28D054A300ABAC34 /* Views */ = {
			isa = PBXGroup;
			children = (
				1DF3958328D05D7100ABAC34 /* CellView.swift */,
			);
			path = Views;
			sourceTree = "<group>";
		};
		1DF3957E28D0568100ABAC34 /* Models */ = {
			isa = PBXGroup;
			children = (
				1DF3957F28D0569300ABAC34 /* Cell.swift */,
			);
			path = Models;
			sourceTree = "<group>";
		};
		85FA50CC28D4659800B1F25A /* ViewModels */ = {
			isa = PBXGroup;
			children = (
				85FA50CD28D465BD00B1F25A /* GridViewModel.swift */,
				85FA50CF28D47A4000B1F25A /* CellViewModel.swift */,
			);
			path = ViewModels;
			sourceTree = "<group>";
		};
		85FA50D128D47ACE00B1F25A /* ViewControllers */ = {
			isa = PBXGroup;
			children = (
				85FA50D228D47B0100B1F25A /* MainViewController.swift */,
				1DF3958128D05B5100ABAC34 /* GridViewController.swift */,
				85C5B70C28D5B62100B0A374 /* DashboardViewController.swift */,
			);
			path = ViewControllers;
			sourceTree = "<group>";
		};
		85FA50D628D47E8300B1F25A /* Extensions */ = {
			isa = PBXGroup;
			children = (
				85FA50D428D47E7600B1F25A /* RandomAccessCollection.swift */,
				85C5B70A28D5B19F00B0A374 /* IndexPath.swift */,
				1D0DDF4228D5F601001B825F /* UICollectionViewCell.swift */,
			);
			path = Extensions;
			sourceTree = "<group>";
		};
/* End PBXGroup section */

/* Begin PBXNativeTarget section */
		1DF3956328D0541E00ABAC34 /* Minesweeper */ = {
			isa = PBXNativeTarget;
			buildConfigurationList = 1DF3957828D0542400ABAC34 /* Build configuration list for PBXNativeTarget "Minesweeper" */;
			buildPhases = (
				1DF3956028D0541E00ABAC34 /* Sources */,
				1DF3956128D0541E00ABAC34 /* Frameworks */,
				1DF3956228D0541E00ABAC34 /* Resources */,
			);
			buildRules = (
			);
			dependencies = (
			);
			name = Minesweeper;
			productName = Minesweeper;
			productReference = 1DF3956428D0541E00ABAC34 /* Minesweeper.app */;
			productType = "com.apple.product-type.application";
		};
/* End PBXNativeTarget section */

/* Begin PBXProject section */
		1DF3955C28D0541E00ABAC34 /* Project object */ = {
			isa = PBXProject;
			attributes = {
				BuildIndependentTargetsInParallel = 1;
				LastSwiftUpdateCheck = 1340;
				LastUpgradeCheck = 1340;
				TargetAttributes = {
					1DF3956328D0541E00ABAC34 = {
						CreatedOnToolsVersion = 13.4.1;
					};
				};
			};
			buildConfigurationList = 1DF3955F28D0541E00ABAC34 /* Build configuration list for PBXProject "Minesweeper" */;
			compatibilityVersion = "Xcode 13.0";
			developmentRegion = en;
			hasScannedForEncodings = 0;
			knownRegions = (
				en,
				Base,
			);
			mainGroup = 1DF3955B28D0541E00ABAC34;
			productRefGroup = 1DF3956528D0541E00ABAC34 /* Products */;
			projectDirPath = "";
			projectRoot = "";
			targets = (
				1DF3956328D0541E00ABAC34 /* Minesweeper */,
			);
		};
/* End PBXProject section */

/* Begin PBXResourcesBuildPhase section */
		1DF3956228D0541E00ABAC34 /* Resources */ = {
			isa = PBXResourcesBuildPhase;
			buildActionMask = 2147483647;
			files = (
				1DF3957428D0542400ABAC34 /* LaunchScreen.storyboard in Resources */,
				1DF3957128D0542400ABAC34 /* Assets.xcassets in Resources */,
				1DF3956F28D0541E00ABAC34 /* Main.storyboard in Resources */,
			);
			runOnlyForDeploymentPostprocessing = 0;
		};
/* End PBXResourcesBuildPhase section */

/* Begin PBXSourcesBuildPhase section */
		1DF3956028D0541E00ABAC34 /* Sources */ = {
			isa = PBXSourcesBuildPhase;
			buildActionMask = 2147483647;
			files = (
				85FA50D528D47E7600B1F25A /* RandomAccessCollection.swift in Sources */,
				85FA50CE28D465BD00B1F25A /* GridViewModel.swift in Sources */,
				1DF3958428D05D7100ABAC34 /* CellView.swift in Sources */,
				85C5B70B28D5B19F00B0A374 /* IndexPath.swift in Sources */,
				1DF3956828D0541E00ABAC34 /* AppDelegate.swift in Sources */,
				85FA50D028D47A4000B1F25A /* CellViewModel.swift in Sources */,
				1DF3958228D05B5100ABAC34 /* GridViewController.swift in Sources */,
				1DF3956A28D0541E00ABAC34 /* SceneDelegate.swift in Sources */,
				85C5B70D28D5B62100B0A374 /* DashboardViewController.swift in Sources */,
				1DF3958028D0569300ABAC34 /* Cell.swift in Sources */,
				85FA50D328D47B0100B1F25A /* MainViewController.swift in Sources */,
				1D0DDF4328D5F601001B825F /* UICollectionViewCell.swift in Sources */,
			);
			runOnlyForDeploymentPostprocessing = 0;
		};
/* End PBXSourcesBuildPhase section */

/* Begin PBXVariantGroup section */
		1DF3956D28D0541E00ABAC34 /* Main.storyboard */ = {
			isa = PBXVariantGroup;
			children = (
				1DF3956E28D0541E00ABAC34 /* Base */,
			);
			name = Main.storyboard;
			sourceTree = "<group>";
		};
		1DF3957228D0542400ABAC34 /* LaunchScreen.storyboard */ = {
			isa = PBXVariantGroup;
			children = (
				1DF3957328D0542400ABAC34 /* Base */,
			);
			name = LaunchScreen.storyboard;
			sourceTree = "<group>";
		};
/* End PBXVariantGroup section */

/* Begin XCBuildConfiguration section */
		1DF3957628D0542400ABAC34 /* Debug */ = {
			isa = XCBuildConfiguration;
			buildSettings = {
				ALWAYS_SEARCH_USER_PATHS = NO;
				CLANG_ANALYZER_NONNULL = YES;
				CLANG_ANALYZER_NUMBER_OBJECT_CONVERSION = YES_AGGRESSIVE;
				CLANG_CXX_LANGUAGE_STANDARD = "gnu++17";
				CLANG_ENABLE_MODULES = YES;
				CLANG_ENABLE_OBJC_ARC = YES;
				CLANG_ENABLE_OBJC_WEAK = YES;
				CLANG_WARN_BLOCK_CAPTURE_AUTORELEASING = YES;
				CLANG_WARN_BOOL_CONVERSION = YES;
				CLANG_WARN_COMMA = YES;
				CLANG_WARN_CONSTANT_CONVERSION = YES;
				CLANG_WARN_DEPRECATED_OBJC_IMPLEMENTATIONS = YES;
				CLANG_WARN_DIRECT_OBJC_ISA_USAGE = YES_ERROR;
				CLANG_WARN_DOCUMENTATION_COMMENTS = YES;
				CLANG_WARN_EMPTY_BODY = YES;
				CLANG_WARN_ENUM_CONVERSION = YES;
				CLANG_WARN_INFINITE_RECURSION = YES;
				CLANG_WARN_INT_CONVERSION = YES;
				CLANG_WARN_NON_LITERAL_NULL_CONVERSION = YES;
				CLANG_WARN_OBJC_IMPLICIT_RETAIN_SELF = YES;
				CLANG_WARN_OBJC_LITERAL_CONVERSION = YES;
				CLANG_WARN_OBJC_ROOT_CLASS = YES_ERROR;
				CLANG_WARN_QUOTED_INCLUDE_IN_FRAMEWORK_HEADER = YES;
				CLANG_WARN_RANGE_LOOP_ANALYSIS = YES;
				CLANG_WARN_STRICT_PROTOTYPES = YES;
				CLANG_WARN_SUSPICIOUS_MOVE = YES;
				CLANG_WARN_UNGUARDED_AVAILABILITY = YES_AGGRESSIVE;
				CLANG_WARN_UNREACHABLE_CODE = YES;
				CLANG_WARN__DUPLICATE_METHOD_MATCH = YES;
				COPY_PHASE_STRIP = NO;
				DEBUG_INFORMATION_FORMAT = dwarf;
				ENABLE_STRICT_OBJC_MSGSEND = YES;
				ENABLE_TESTABILITY = YES;
				GCC_C_LANGUAGE_STANDARD = gnu11;
				GCC_DYNAMIC_NO_PIC = NO;
				GCC_NO_COMMON_BLOCKS = YES;
				GCC_OPTIMIZATION_LEVEL = 0;
				GCC_PREPROCESSOR_DEFINITIONS = (
					"DEBUG=1",
					"$(inherited)",
				);
				GCC_WARN_64_TO_32_BIT_CONVERSION = YES;
				GCC_WARN_ABOUT_RETURN_TYPE = YES_ERROR;
				GCC_WARN_UNDECLARED_SELECTOR = YES;
				GCC_WARN_UNINITIALIZED_AUTOS = YES_AGGRESSIVE;
				GCC_WARN_UNUSED_FUNCTION = YES;
				GCC_WARN_UNUSED_VARIABLE = YES;
				IPHONEOS_DEPLOYMENT_TARGET = 15.5;
				MTL_ENABLE_DEBUG_INFO = INCLUDE_SOURCE;
				MTL_FAST_MATH = YES;
				ONLY_ACTIVE_ARCH = YES;
				SDKROOT = iphoneos;
				SWIFT_ACTIVE_COMPILATION_CONDITIONS = DEBUG;
				SWIFT_OPTIMIZATION_LEVEL = "-Onone";
			};
			name = Debug;
		};
		1DF3957728D0542400ABAC34 /* Release */ = {
			isa = XCBuildConfiguration;
			buildSettings = {
				ALWAYS_SEARCH_USER_PATHS = NO;
				CLANG_ANALYZER_NONNULL = YES;
				CLANG_ANALYZER_NUMBER_OBJECT_CONVERSION = YES_AGGRESSIVE;
				CLANG_CXX_LANGUAGE_STANDARD = "gnu++17";
				CLANG_ENABLE_MODULES = YES;
				CLANG_ENABLE_OBJC_ARC = YES;
				CLANG_ENABLE_OBJC_WEAK = YES;
				CLANG_WARN_BLOCK_CAPTURE_AUTORELEASING = YES;
				CLANG_WARN_BOOL_CONVERSION = YES;
				CLANG_WARN_COMMA = YES;
				CLANG_WARN_CONSTANT_CONVERSION = YES;
				CLANG_WARN_DEPRECATED_OBJC_IMPLEMENTATIONS = YES;
				CLANG_WARN_DIRECT_OBJC_ISA_USAGE = YES_ERROR;
				CLANG_WARN_DOCUMENTATION_COMMENTS = YES;
				CLANG_WARN_EMPTY_BODY = YES;
				CLANG_WARN_ENUM_CONVERSION = YES;
				CLANG_WARN_INFINITE_RECURSION = YES;
				CLANG_WARN_INT_CONVERSION = YES;
				CLANG_WARN_NON_LITERAL_NULL_CONVERSION = YES;
				CLANG_WARN_OBJC_IMPLICIT_RETAIN_SELF = YES;
				CLANG_WARN_OBJC_LITERAL_CONVERSION = YES;
				CLANG_WARN_OBJC_ROOT_CLASS = YES_ERROR;
				CLANG_WARN_QUOTED_INCLUDE_IN_FRAMEWORK_HEADER = YES;
				CLANG_WARN_RANGE_LOOP_ANALYSIS = YES;
				CLANG_WARN_STRICT_PROTOTYPES = YES;
				CLANG_WARN_SUSPICIOUS_MOVE = YES;
				CLANG_WARN_UNGUARDED_AVAILABILITY = YES_AGGRESSIVE;
				CLANG_WARN_UNREACHABLE_CODE = YES;
				CLANG_WARN__DUPLICATE_METHOD_MATCH = YES;
				COPY_PHASE_STRIP = NO;
				DEBUG_INFORMATION_FORMAT = "dwarf-with-dsym";
				ENABLE_NS_ASSERTIONS = NO;
				ENABLE_STRICT_OBJC_MSGSEND = YES;
				GCC_C_LANGUAGE_STANDARD = gnu11;
				GCC_NO_COMMON_BLOCKS = YES;
				GCC_WARN_64_TO_32_BIT_CONVERSION = YES;
				GCC_WARN_ABOUT_RETURN_TYPE = YES_ERROR;
				GCC_WARN_UNDECLARED_SELECTOR = YES;
				GCC_WARN_UNINITIALIZED_AUTOS = YES_AGGRESSIVE;
				GCC_WARN_UNUSED_FUNCTION = YES;
				GCC_WARN_UNUSED_VARIABLE = YES;
				IPHONEOS_DEPLOYMENT_TARGET = 15.5;
				MTL_ENABLE_DEBUG_INFO = NO;
				MTL_FAST_MATH = YES;
				SDKROOT = iphoneos;
				SWIFT_COMPILATION_MODE = wholemodule;
				SWIFT_OPTIMIZATION_LEVEL = "-O";
				VALIDATE_PRODUCT = YES;
			};
			name = Release;
		};
		1DF3957928D0542400ABAC34 /* Debug */ = {
			isa = XCBuildConfiguration;
			buildSettings = {
				ASSETCATALOG_COMPILER_APPICON_NAME = AppIcon;
				ASSETCATALOG_COMPILER_GLOBAL_ACCENT_COLOR_NAME = AccentColor;
				CODE_SIGN_STYLE = Automatic;
				CURRENT_PROJECT_VERSION = 1;
				DEVELOPMENT_TEAM = B2ZMD79S6B;
				GENERATE_INFOPLIST_FILE = YES;
				INFOPLIST_FILE = Minesweeper/Info.plist;
				INFOPLIST_KEY_UIApplicationSupportsIndirectInputEvents = YES;
				INFOPLIST_KEY_UILaunchStoryboardName = LaunchScreen;
				INFOPLIST_KEY_UIMainStoryboardFile = Main;
				INFOPLIST_KEY_UISupportedInterfaceOrientations_iPad = "UIInterfaceOrientationPortrait UIInterfaceOrientationPortraitUpsideDown UIInterfaceOrientationLandscapeLeft UIInterfaceOrientationLandscapeRight";
				INFOPLIST_KEY_UISupportedInterfaceOrientations_iPhone = "UIInterfaceOrientationPortrait UIInterfaceOrientationLandscapeLeft UIInterfaceOrientationLandscapeRight";
				LD_RUNPATH_SEARCH_PATHS = (
					"$(inherited)",
					"@executable_path/Frameworks",
				);
				MARKETING_VERSION = 1.0;
				PRODUCT_BUNDLE_IDENTIFIER = JiaJieChan.Minesweeper;
				PRODUCT_NAME = "$(TARGET_NAME)";
				SWIFT_EMIT_LOC_STRINGS = YES;
				SWIFT_VERSION = 5.0;
				TARGETED_DEVICE_FAMILY = "1,2";
			};
			name = Debug;
		};
		1DF3957A28D0542400ABAC34 /* Release */ = {
			isa = XCBuildConfiguration;
			buildSettings = {
				ASSETCATALOG_COMPILER_APPICON_NAME = AppIcon;
				ASSETCATALOG_COMPILER_GLOBAL_ACCENT_COLOR_NAME = AccentColor;
				CODE_SIGN_STYLE = Automatic;
				CURRENT_PROJECT_VERSION = 1;
				DEVELOPMENT_TEAM = B2ZMD79S6B;
				GENERATE_INFOPLIST_FILE = YES;
				INFOPLIST_FILE = Minesweeper/Info.plist;
				INFOPLIST_KEY_UIApplicationSupportsIndirectInputEvents = YES;
				INFOPLIST_KEY_UILaunchStoryboardName = LaunchScreen;
				INFOPLIST_KEY_UIMainStoryboardFile = Main;
				INFOPLIST_KEY_UISupportedInterfaceOrientations_iPad = "UIInterfaceOrientationPortrait UIInterfaceOrientationPortraitUpsideDown UIInterfaceOrientationLandscapeLeft UIInterfaceOrientationLandscapeRight";
				INFOPLIST_KEY_UISupportedInterfaceOrientations_iPhone = "UIInterfaceOrientationPortrait UIInterfaceOrientationLandscapeLeft UIInterfaceOrientationLandscapeRight";
				LD_RUNPATH_SEARCH_PATHS = (
					"$(inherited)",
					"@executable_path/Frameworks",
				);
				MARKETING_VERSION = 1.0;
				PRODUCT_BUNDLE_IDENTIFIER = JiaJieChan.Minesweeper;
				PRODUCT_NAME = "$(TARGET_NAME)";
				SWIFT_EMIT_LOC_STRINGS = YES;
				SWIFT_VERSION = 5.0;
				TARGETED_DEVICE_FAMILY = "1,2";
			};
			name = Release;
		};
/* End XCBuildConfiguration section */

/* Begin XCConfigurationList section */
		1DF3955F28D0541E00ABAC34 /* Build configuration list for PBXProject "Minesweeper" */ = {
			isa = XCConfigurationList;
			buildConfigurations = (
				1DF3957628D0542400ABAC34 /* Debug */,
				1DF3957728D0542400ABAC34 /* Release */,
			);
			defaultConfigurationIsVisible = 0;
			defaultConfigurationName = Release;
		};
		1DF3957828D0542400ABAC34 /* Build configuration list for PBXNativeTarget "Minesweeper" */ = {
			isa = XCConfigurationList;
			buildConfigurations = (
				1DF3957928D0542400ABAC34 /* Debug */,
				1DF3957A28D0542400ABAC34 /* Release */,
			);
			defaultConfigurationIsVisible = 0;
			defaultConfigurationName = Release;
		};
/* End XCConfigurationList section */
	};
	rootObject = 1DF3955C28D0541E00ABAC34 /* Project object */;
}
